
Microsoft Visual Studio Solution File, Format Version 12.00
# Visual Studio Version 16
VisualStudioVersion = 16.0.31702.278
MinimumVisualStudioVersion = 10.0.40219.1
Project("{8BC9CEB8-8B4A-11D0-8D11-00A0C91BC942}") = "MathLibrary", "MathLibrary\MathLibrary.vcxproj", "{7503E054-A862-4F3E-970E-18D7164F56FA}"
EndProject
Project("{8BC9CEB8-8B4A-11D0-8D11-00A0C91BC942}") = "MathClient", "MathClient\MathClient.vcxproj", "{52781677-6B17-43DD-A489-C2556EFBEA12}"
EndProject
Global
	GlobalSection(SolutionConfigurationPlatforms) = preSolution
		Debug|x64 = Debug|x64
		Debug|x86 = Debug|x86
		Release|x64 = Release|x64
		Release|x86 = Release|x86
	EndGlobalSection
	GlobalSection(ProjectConfigurationPlatforms) = postSolution
		{7503E054-A862-4F3E-970E-18D7164F56FA}.Debug|x64.ActiveCfg = Debug|x64
		{7503E054-A862-4F3E-970E-18D7164F56FA}.Debug|x64.Build.0 = Debug|x64
		{7503E054-A862-4F3E-970E-18D7164F56FA}.Debug|x86.ActiveCfg = Debug|Win32
		{7503E054-A862-4F3E-970E-18D7164F56FA}.Debug|x86.Build.0 = Debug|Win32
		{7503E054-A862-4F3E-970E-18D7164F56FA}.Release|x64.ActiveCfg = Release|x64
		{7503E054-A862-4F3E-970E-18D7164F56FA}.Release|x64.Build.0 = Release|x64
		{7503E054-A862-4F3E-970E-18D7164F56FA}.Release|x86.ActiveCfg = Release|Win32
		{7503E054-A862-4F3E-970E-18D7164F56FA}.Release|x86.Build.0 = Release|Win32
		{52781677-6B17-43DD-A489-C2556EFBEA12}.Debug|x64.ActiveCfg = Debug|x64
		{52781677-6B17-43DD-A489-C2556EFBEA12}.Debug|x64.Build.0 = Debug|x64
		{52781677-6B17-43DD-A489-C2556EFBEA12}.Debug|x86.ActiveCfg = Debug|Win32
		{52781677-6B17-43DD-A489-C2556EFBEA12}.Debug|x86.Build.0 = Debug|Win32
		{52781677-6B17-43DD-A489-C2556EFBEA12}.Release|x64.ActiveCfg = Release|x64
		{52781677-6B17-43DD-A489-C2556EFBEA12}.Release|x64.Build.0 = Release|x64
		{52781677-6B17-43DD-A489-C2556EFBEA12}.Release|x86.ActiveCfg = Release|Win32
		{52781677-6B17-43DD-A489-C2556EFBEA12}.Release|x86.Build.0 = Release|Win32
	EndGlobalSection
	GlobalSection(SolutionProperties) = preSolution
		HideSolutionNode = FALSE
	EndGlobalSection
	GlobalSection(ExtensibilityGlobals) = postSolution
		SolutionGuid = {F5B42541-B773-447E-8240-C1912AD150C8}
	EndGlobalSection
EndGlobal
